<?xml version="1.0" encoding="utf-8"?>
<Project ToolsVersion="4.0" xmlns="http://schemas.microsoft.com/developer/msbuild/2003">
  <ItemGroup>
    <ClCompile Include="Engine\Source\Runtime\Core\Private\Misc\CoreGlobals.cpp" />
    <ClCompile Include="Engine\Source\Runtime\Launch\Private\LaunchEngineLoop.cpp" />
    <ClCompile Include="Engine\Source\Runtime\Launch\Private\Windows\Launch.cpp" />
    <ClCompile Include="Engine\Source\Runtime\Renderer\Private\RendererModule.cpp" />
    <ClCompile Include="Engine\Source\ThirdParty\imgui\imgui.cpp" />
    <ClCompile Include="Engine\Source\ThirdParty\imgui\imgui_demo.cpp" />
    <ClCompile Include="Engine\Source\ThirdParty\imgui\imgui_draw.cpp" />
    <ClCompile Include="Engine\Source\ThirdParty\imgui\imgui_impl_dx11.cpp" />
    <ClCompile Include="Engine\Source\ThirdParty\imgui\imgui_impl_win32.cpp" />
    <ClCompile Include="Engine\Source\ThirdParty\imgui\imgui_tables.cpp" />
    <ClCompile Include="Engine\Source\ThirdParty\imgui\imgui_widgets.cpp" />
    <ClCompile Include="Engine\Source\Runtime\Core\Private\Math\Matrix.cpp" />
    <ClCompile Include="Engine\Source\Runtime\Core\Private\Math\Vector.cpp" />
    <ClCompile Include="Engine\Source\Runtime\Core\Private\Math\Vector4.cpp" />
    <ClCompile Include="Engine\Source\Runtime\Json\Private\SceneJson.cpp" />
    <ClCompile Include="Engine\Source\Runtime\SlateCore\Private\UIManager.cpp" />
    <ClCompile Include="Engine\Source\Runtime\Slate\Private\UIMaster.cpp" />
    <ClCompile Include="Engine\Source\Runtime\Slate\Private\UIPanel.cpp" />
    <ClCompile Include="Engine\Source\Runtime\ApplicationCore\Private\Windows\WindowsApplication.cpp" />
    <ClCompile Include="Engine\Source\Runtime\CoreUObject\Private\ObjectArray.cpp" />
    <ClCompile Include="Engine\Source\Runtime\CoreUObject\Private\Class.cpp" />
    <ClCompile Include="Engine\Source\Runtime\ApplicationCore\Private\Windows\WindowsWindow.cpp" />
    <ClCompile Include="Engine\Source\Runtime\CoreUObject\Private\Object.cpp" />
    <ClCompile Include="Engine\Source\Runtime\CoreEngine\Private\Components\CubeComp.cpp" />
    <ClCompile Include="Engine\Source\Runtime\CoreEngine\Private\Components\PlaneComp.cpp" />
    <ClCompile Include="Engine\Source\Runtime\CoreEngine\Private\Components\PrimitiveComponent.cpp" />
    <ClCompile Include="Engine\Source\Runtime\CoreEngine\Private\Components\SceneComponent.cpp" />
    <ClCompile Include="Engine\Source\Runtime\CoreEngine\Private\Components\SphereComp.cpp" />
    <ClCompile Include="Engine\Source\Runtime\CoreEngine\Private\Engine\Engine.cpp" />
    <ClCompile Include="Engine\Source\Runtime\CoreEngine\Private\Engine\PrimitiveType.cpp" />
    <ClCompile Include="Engine\Source\Runtime\CoreEngine\Private\Engine\World.cpp" />
    <ClCompile Include="Engine\Source\Runtime\CoreEngine\Private\GameFramework\Actor.cpp" />
    <ClCompile Include="Engine\Source\Runtime\Slate\Private\UIHorizontalPanel.cpp" />
    <ClInclude Include="Engine\Source\Runtime\Slate\Public\UIHorizontalPanel.h" />
    <ClCompile Include="Engine\Source\Runtime\Core\Private\Logging\LogOutputDevice.cpp" />
    <ClCompile Include="Engine\Source\Runtime\Core\Private\GenericPlatform\GenericPlatformMemory.cpp" />
    <ClCompile Include="Engine\Source\Runtime\Core\Private\HAL\MemoryBase.cpp" />
    <ClCompile Include="Engine\Source\Runtime\Core\Private\HAL\UnrealMemory.cpp" />
    <ClCompile Include="Engine\Source\Runtime\Core\Private\Windows\WindowsPlatformMemory.cpp" />
    <ClCompile Include="Engine\Source\Runtime\CoreEngine\Private\EngineGlobals.cpp" />
    <ClCompile Include="Engine\Source\ThirdParty\imgui\imgui_stdlib.cpp" />
    <ClCompile Include="Engine\Source\Runtime\CoreUObject\Private\UObject\UObjectGlobals.cpp" />
    <ClCompile Include="Engine\Source\Editor\Private\SceneFileIO.cpp" />
    <ClCompile Include="Engine\Source\Runtime\Renderer\Private\SceneView.cpp" />
    <ClCompile Include="Engine\Source\Runtime\CoreEngine\Private\Components\ActorComponent.cpp" />
    <ClCompile Include="Engine\Source\Runtime\CoreEngine\Private\Components\StaticMeshComponent.cpp" />
    <ClCompile Include="Engine\Source\Runtime\CoreEngine\Private\PrimitiveSceneProxy.cpp" />
    <ClCompile Include="Engine\Source\Runtime\CoreEngine\Private\StaticMeshSceneProxy.cpp" />
    <ClCompile Include="Engine\Source\Runtime\CoreUObject\Private\EngineStatics.cpp" />
    <ClCompile Include="Engine\Source\Runtime\CoreUObject\Private\ObjectFactory.cpp" />
    <ClCompile Include="Engine\Source\Runtime\Core\Private\Math\Rotator.cpp" />
    <ClCompile Include="Engine\Source\Runtime\Core\Private\Math\MathUtility.cpp" />
    <ClCompile Include="Engine\Source\Runtime\Renderer\Private\D3D11\D3D11DynamicRHI.cpp" />
    <ClCompile Include="Engine\Source\Runtime\Renderer\Private\D3D11\D3D11PickingPass.cpp" />
    <ClCompile Include="Engine\Source\Runtime\Renderer\Private\D3D11\D3D11MeshPassRenderer.cpp" />
    <ClCompile Include="Engine\Source\Runtime\Renderer\Private\D3D11\D3D11EditorOverlayRenderer.cpp" />
    <ClCompile Include="Engine\Source\Editor\Private\Editor.cpp" />
    <ClCompile Include="Engine\Source\Editor\Private\Panels\ControlPanel.cpp" />
    <ClCompile Include="Engine\Source\Editor\Private\Panels\OutputLog.cpp" />
    <ClCompile Include="Engine\Source\Editor\Private\Panels\PropertyPanel.cpp" />
    <ClCompile Include="Engine\Source\Editor\Private\Panels\StatPanel.cpp" />
    <ClCompile Include="Engine\Source\Editor\Private\Viewport\EditorViewport.cpp" />
    <ClCompile Include="Engine\Source\Editor\Private\Viewport\EditorViewportClient.cpp" />
  </ItemGroup>
  <ItemGroup>
    <ClInclude Include="Engine\Extras\Sphere.h" />
    <ClInclude Include="Engine\Source\Editor\Public\Camera\EditorViewportViewState.h" />
    <ClInclude Include="Engine\Source\Runtime\Core\CoreGlobals.h" />
    <ClInclude Include="Engine\Source\Runtime\Core\Public\Containers\Array.h" />
    <ClInclude Include="Engine\Source\Runtime\Core\Public\Containers\List.h" />
    <ClInclude Include="Engine\Source\Runtime\Core\Public\Containers\Map.h" />
    <ClInclude Include="Engine\Source\Runtime\Core\Public\Containers\Queue.h" />
    <ClInclude Include="Engine\Source\Runtime\Core\Public\Containers\Set.h" />
    <ClInclude Include="Engine\Source\Runtime\Core\Public\Containers\StaticArray.h" />
    <ClInclude Include="Engine\Source\Runtime\Core\Public\HAL\Platform.h" />
    <ClInclude Include="Engine\Source\Runtime\Core\Public\Templates\Tuple.h" />
    <ClInclude Include="Engine\Source\Runtime\Launch\Public\LaunchEngineLoop.h" />
    <ClInclude Include="Engine\Source\Runtime\Renderer\Public\RendererModule.h" />
    <ClInclude Include="Engine\Source\ThirdParty\imgui\imconfig.h" />
    <ClInclude Include="Engine\Source\ThirdParty\imgui\imgui.h" />
    <ClInclude Include="Engine\Source\ThirdParty\imgui\imgui_impl_dx11.h" />
    <ClInclude Include="Engine\Source\ThirdParty\imgui\imgui_impl_win32.h" />
    <ClInclude Include="Engine\Source\ThirdParty\imgui\imgui_internal.h" />
    <ClInclude Include="Engine\Source\ThirdParty\imgui\imstb_rectpack.h" />
    <ClInclude Include="Engine\Source\ThirdParty\imgui\imstb_textedit.h" />
    <ClInclude Include="Engine\Source\ThirdParty\imgui\imstb_truetype.h" />
    <ClInclude Include="Engine\Source\ThirdParty\nlohmann\json.hpp" />
    <ClInclude Include="Engine\Source\Runtime\Core\Public\Misc\UnrealString.h" />
    <ClInclude Include="Engine\Source\Runtime\Core\Public\Math\Matrix.h" />
    <ClInclude Include="Engine\Source\Runtime\Core\Public\Math\Vector.h" />
    <ClInclude Include="Engine\Source\Runtime\Core\Public\Math\Vector4.h" />
    <ClInclude Include="Engine\Source\Runtime\CoreUObject\Public\ObjectFactory.h" />
    <ClInclude Include="Engine\Source\Runtime\CoreUObject\Public\Class.h" />
    <ClInclude Include="Engine\Source\Runtime\CoreUObject\Public\EngineStatics.h" />
    <ClInclude Include="Engine\Source\Runtime\CoreUObject\Public\Object.h" />
    <ClInclude Include="Engine\Source\Runtime\CoreEngine\Public\Components.h" />
    <ClInclude Include="Engine\Source\Runtime\CoreEngine\Public\PrimitiveSceneProxy.h" />
    <ClInclude Include="Engine\Source\Runtime\CoreEngine\Public\StaticMeshSceneProxy.h" />
    <ClInclude Include="Engine\Source\Runtime\Json\Public\SceneJson.h" />
    <ClInclude Include="Engine\Source\Runtime\Json\Public\SceneRawData.h" />
    <ClInclude Include="Engine\Source\Runtime\SlateCore\Public\UIManager.h" />
    <ClInclude Include="Engine\Source\Runtime\Slate\Public\UIMaster.h" />
    <ClInclude Include="Engine\Source\Runtime\Slate\Public\UIPanel.h" />
    <ClInclude Include="Engine\Source\Runtime\ApplicationCore\Public\GenericPlatform\GenericApplication.h" />
    <ClInclude Include="Engine\Source\Runtime\ApplicationCore\Public\GenericPlatform\GenericApplicationMessageHandler.h" />
    <ClInclude Include="Engine\Source\Runtime\ApplicationCore\Public\Input\InputEvent.h" />
    <ClInclude Include="Engine\Source\Runtime\ApplicationCore\Public\Windows\WindowsApplication.h" />
    <ClInclude Include="Engine\Source\Runtime\ApplicationCore\Public\Windows\WindowsWindow.h" />
    <ClInclude Include="Engine\Source\Runtime\CoreUObject\Public\ObjectArray.h" />
    <ClInclude Include="Engine\Source\Runtime\CoreEngine\Public\Components\ActorComponent.h" />
    <ClInclude Include="Engine\Source\Runtime\CoreEngine\Public\Components\CubeComp.h" />
    <ClInclude Include="Engine\Source\Runtime\CoreEngine\Public\Components\MeshComponent.h" />
    <ClInclude Include="Engine\Source\Runtime\CoreEngine\Public\Components\PrimitiveComponent.h" />
    <ClInclude Include="Engine\Source\Runtime\CoreEngine\Public\Components\SceneComponent.h" />
    <ClInclude Include="Engine\Source\Runtime\CoreEngine\Public\Components\SphereComp.h" />
    <ClInclude Include="Engine\Source\Runtime\CoreEngine\Public\Components\StaticMeshComponent.h" />
    <ClInclude Include="Engine\Source\Runtime\CoreEngine\Public\Engine\StaticMesh.h" />
    <ClInclude Include="Engine\Source\Runtime\CoreEngine\Public\GameFramework\Actor.h" />
    <ClInclude Include="Engine\Source\Runtime\CoreEngine\Public\Components\PlaneComp.h" />
    <ClInclude Include="Engine\Source\Runtime\CoreEngine\Public\Engine\Engine.h" />
    <ClInclude Include="Engine\Source\Runtime\CoreEngine\Public\Engine\PrimitiveType.h" />
    <ClInclude Include="Engine\Source\Runtime\CoreEngine\Public\Engine\World.h" />
    <ClInclude Include="Engine\Source\Runtime\Renderer\Public\Scene.h" />
    <ClInclude Include="Engine\Extras\Cube.h" />
    <ClInclude Include="Engine\Source\Runtime\Core\Public\Logging\LogMacros.h" />
    <ClInclude Include="Engine\Source\Runtime\Core\Public\GenericPlatform\GenericPlatformMemory.h" />
    <ClInclude Include="Engine\Source\Runtime\Core\Public\HAL\MemoryBase.h" />
    <ClInclude Include="Engine\Source\Runtime\Core\Public\Logging\LogOutputDevice.h" />
    <ClInclude Include="Engine\Source\Runtime\Core\Public\HAL\PlatformMemory.h" />
    <ClInclude Include="Engine\Source\Runtime\Core\Public\HAL\UnrealMemory.h" />
    <ClInclude Include="Engine\Source\Runtime\Core\Public\Windows\WindowsPlatformMemory.h" />
    <ClInclude Include="Engine\Source\Runtime\CoreEngine\Public\EngineGlobals.h" />
    <ClInclude Include="Engine\Source\ThirdParty\imgui\imgui_stdlib.h" />
    <ClInclude Include="Engine\Source\Runtime\CoreUObject\Public\UObject\UObjectGlobals.h" />
    <ClInclude Include="Engine\Source\Editor\Public\SceneFileIO.h" />
    <ClInclude Include="Engine\Source\Runtime\Renderer\Public\SceneView.h" />
    <ClInclude Include="Engine\Source\Runtime\Core\Public\Math\Rotator.h" />
    <ClInclude Include="Engine\Source\Runtime\Core\Public\Math\CameraMath.h" />
    <ClInclude Include="Engine\Source\Runtime\CoreEngine\Public\StaticMeshResources.h" />
    <ClInclude Include="Engine\Source\Runtime\Core\Public\Math\Ray.h" />
    <ClInclude Include="Engine\Source\Runtime\Core\Public\Math\MathUtility.h" />
    <ClInclude Include="Engine\Source\Runtime\Core\Public\Math\MathConstants.h" />
    <ClInclude Include="Engine\Source\Runtime\Core\Public\Math\ProjectionUtils.h" />
    <ClInclude Include="Engine\Source\Runtime\Core\Public\Math\Intersection.h" />
    <ClInclude Include="Engine\Source\Runtime\Renderer\Public\D3D11\D3D11DynamicRHI.h" />
    <ClInclude Include="Engine\Source\Runtime\Renderer\Public\D3D11\D3D11PickingPass.h" />
    <ClInclude Include="Engine\Source\Runtime\Renderer\Public\D3D11\D3D11EditorOverlayRenderer.h" />
    <ClInclude Include="Engine\Source\Runtime\Renderer\Public\D3D11\D3D11MeshPassRenderer.h" />
    <ClInclude Include="Engine\Source\Runtime\Renderer\Public\EditorRenderState.h" />
    <ClInclude Include="Engine\Source\Runtime\Renderer\Public\MeshRenderState.h" />
    <ClInclude Include="Engine\Source\Editor\Public\Editor.h" />
    <ClInclude Include="Engine\Source\Editor\Public\Viewport\EditorViewport.h" />
    <ClInclude Include="Engine\Source\Editor\Public\Viewport\EditorViewportClient.h" />
    <ClInclude Include="Engine\Source\Editor\Public\Viewport\EditorViewportState.h" />
    <ClInclude Include="Engine\Source\Editor\Public\Panels\ControlPanel.h" />
    <ClInclude Include="Engine\Source\Editor\Public\Panels\OutputLog.h" />
    <ClInclude Include="Engine\Source\Editor\Public\Panels\PropertyPanel.h" />
    <ClInclude Include="Engine\Source\Editor\Public\Panels\StatPanel.h" />
  </ItemGroup>
</Project>